
Microsoft Visual Studio Solution File, Format Version 12.00
# Visual Studio Version 17
VisualStudioVersion = 17.14.36221.1
MinimumVisualStudioVersion = 10.0.40219.1
Project("{FAE04EC0-301F-11D3-BF4B-00C04F79EFBC}") = "RAHM.BD", "RAHM.BD\RAHM.BD.csproj", "{34CFDE2B-2311-4184-99D2-71A2370CB401}"
EndProject
Global
	GlobalSection(SolutionConfigurationPlatforms) = preSolution
		Debug|Any CPU = Debug|Any CPU
		Release|Any CPU = Release|Any CPU
	EndGlobalSection
	GlobalSection(ProjectConfigurationPlatforms) = postSolution
		{34CFDE2B-2311-4184-99D2-71A2370CB401}.Debug|Any CPU.ActiveCfg = Debug|Any CPU
		{34CFDE2B-2311-4184-99D2-71A2370CB401}.Debug|Any CPU.Build.0 = Debug|Any CPU
		{34CFDE2B-2311-4184-99D2-71A2370CB401}.Release|Any CPU.ActiveCfg = Release|Any CPU
		{34CFDE2B-2311-4184-99D2-71A2370CB401}.Release|Any CPU.Build.0 = Release|Any CPU
	EndGlobalSection
	GlobalSection(SolutionProperties) = preSolution
		HideSolutionNode = FALSE
	EndGlobalSection
	GlobalSection(ExtensibilityGlobals) = postSolution
		SolutionGuid = {5A441065-16C1-4866-BEEF-ECB1376EA060}
	EndGlobalSection
EndGlobal
